
Microsoft Visual Studio Solution File, Format Version 12.00
# Visual Studio Version 16
VisualStudioVersion = 16.0.28803.352
MinimumVisualStudioVersion = 10.0.40219.1
Project("{FAE04EC0-301F-11D3-BF4B-00C04F79EFBC}") = "VirtualSpider", "VirtualSpider\VirtualSpider.csproj", "{887807B2-7D45-46CF-B802-422D79E2F917}"
EndProject
Global
	GlobalSection(SolutionConfigurationPlatforms) = preSolution
		Debug|Any CPU = Debug|Any CPU
		Release|Any CPU = Release|Any CPU
	EndGlobalSection
	GlobalSection(ProjectConfigurationPlatforms) = postSolution
		{887807B2-7D45-46CF-B802-422D79E2F917}.Debug|Any CPU.ActiveCfg = Debug|Any CPU
		{887807B2-7D45-46CF-B802-422D79E2F917}.Debug|Any CPU.Build.0 = Debug|Any CPU
		{887807B2-7D45-46CF-B802-422D79E2F917}.Release|Any CPU.ActiveCfg = Release|Any CPU
		{887807B2-7D45-46CF-B802-422D79E2F917}.Release|Any CPU.Build.0 = Release|Any CPU
	EndGlobalSection
	GlobalSection(SolutionProperties) = preSolution
		HideSolutionNode = FALSE
	EndGlobalSection
	GlobalSection(ExtensibilityGlobals) = postSolution
		SolutionGuid = {908BCB0D-0C36-4431-A6BB-6C1087A55A9D}
	EndGlobalSection
EndGlobal
